
Microsoft Visual Studio Solution File, Format Version 12.00
# Visual Studio Version 17
VisualStudioVersion = 17.3.32505.426
MinimumVisualStudioVersion = 10.0.40219.1
Project("{2150E333-8FDC-42A3-9474-1A3956D46DE8}") = "CCTV", "CCTV", "{EC48ED62-EAEE-4EB4-A792-0AE929BE5C2A}"
EndProject
Project("{9A19103F-16F7-4668-BE54-9A1E7A4F7556}") = "CarCounter1", "CarCounter1\CarCounter1.csproj", "{C80B4184-A328-4828-BCAB-87113A9F6518}"
EndProject
Project("{2150E333-8FDC-42A3-9474-1A3956D46DE8}") = "WinML", "WinML", "{36BA47DD-4C31-4FB0-8E8D-2E221810F943}"
EndProject
Project("{FAE04EC0-301F-11D3-BF4B-00C04F79EFBC}") = "CarCounter.UWP", "CarCounter.UWP\CarCounter.UWP.csproj", "{D4EE6867-1E57-4459-8A18-0C78862ADB6B}"
EndProject
Project("{2150E333-8FDC-42A3-9474-1A3956D46DE8}") = "Shared", "Shared", "{DA61B581-E41E-4808-B2D0-DB326E92BEC2}"
EndProject
Project("{9A19103F-16F7-4668-BE54-9A1E7A4F7556}") = "CarCounter.Tools", "CarCounter.Tools\CarCounter.Tools.csproj", "{56041B60-1A7D-40E1-B246-DFE879E6D6AC}"
EndProject
Project("{9A19103F-16F7-4668-BE54-9A1E7A4F7556}") = "CarCounter.Models", "CarCounter.Models\CarCounter.Models.csproj", "{2F2ACE4E-F8E1-45B6-8E4C-A52B1AF41394}"
EndProject
Project("{2150E333-8FDC-42A3-9474-1A3956D46DE8}") = "Services", "Services", "{4EDA4473-DEB1-4CD9-A1A9-E3DA4C94B27C}"
EndProject
Project("{9A19103F-16F7-4668-BE54-9A1E7A4F7556}") = "CarCounter.Services", "CarCounter.Services\CarCounter.Services.csproj", "{88814AD0-E6D3-493F-9AE1-E1D4F6F74553}"
EndProject
Project("{2150E333-8FDC-42A3-9474-1A3956D46DE8}") = "Web", "Web", "{9CAB5E5E-8CDB-4BA3-8D1A-F2E0DBD56153}"
EndProject
Project("{9A19103F-16F7-4668-BE54-9A1E7A4F7556}") = "CarCounter.Web", "CarCounter.Web\CarCounter.Web.csproj", "{8B673CB3-4EBD-40F0-8F92-88AE6BD1659B}"
EndProject
Project("{2150E333-8FDC-42A3-9474-1A3956D46DE8}") = "Mobile", "Mobile", "{F7A86F87-CD73-42B3-886B-AAC501748D66}"
EndProject
Project("{9A19103F-16F7-4668-BE54-9A1E7A4F7556}") = "CarCounter.App", "CarCounter.App\CarCounter.App.csproj", "{08E3D64A-2B01-4053-8447-AF3C34A33316}"
EndProject
Project("{9A19103F-16F7-4668-BE54-9A1E7A4F7556}") = "DarknetYolo", "DarknetYolo\DarknetYolo.csproj", "{030083AE-FD52-4137-9C21-3C4B6E2E126F}"
EndProject
Project("{2150E333-8FDC-42A3-9474-1A3956D46DE8}") = "References", "References", "{3CA95EF6-3587-4F6C-81D3-29926F7F56B5}"
EndProject
Project("{D954291E-2A0B-460D-934E-DC6B0785DB48}") = "Emgu.CV.Runtime.Windows", "References\EmguCV\Emgu.CV.Runtime\Windows\Emgu.CV.Runtime.Windows.shproj", "{ADC3C8E5-EBCD-4D3C-B3A4-20CFE0E42FC1}"
EndProject
Project("{9A19103F-16F7-4668-BE54-9A1E7A4F7556}") = "Emgu.CV.Platform.NetStandard", "References\EmguCV\Emgu.CV.Platform\NetStandard\Emgu.CV.Platform.NetStandard.csproj", "{E38E398C-2745-461C-ADF6-7BCE469506DF}"
EndProject
Project("{9A19103F-16F7-4668-BE54-9A1E7A4F7556}") = "Emgu.CV.Bitmap", "References\EmguCV\Emgu.CV.Platform\Emgu.CV.Bitmap\Emgu.CV.Bitmap.csproj", "{F4E8305E-A316-46DF-A69F-835A6DBFBCBF}"
EndProject
Global
	GlobalSection(SolutionConfigurationPlatforms) = preSolution
		Debug|Any CPU = Debug|Any CPU
		Debug|ARM = Debug|ARM
		Debug|ARM64 = Debug|ARM64
		Debug|x64 = Debug|x64
		Debug|x86 = Debug|x86
		Release|Any CPU = Release|Any CPU
		Release|ARM = Release|ARM
		Release|ARM64 = Release|ARM64
		Release|x64 = Release|x64
		Release|x86 = Release|x86
	EndGlobalSection
	GlobalSection(ProjectConfigurationPlatforms) = postSolution
		{C80B4184-A328-4828-BCAB-87113A9F6518}.Debug|Any CPU.ActiveCfg = Debug|Any CPU
		{C80B4184-A328-4828-BCAB-87113A9F6518}.Debug|Any CPU.Build.0 = Debug|Any CPU
		{C80B4184-A328-4828-BCAB-87113A9F6518}.Debug|ARM.ActiveCfg = Debug|Any CPU
		{C80B4184-A328-4828-BCAB-87113A9F6518}.Debug|ARM.Build.0 = Debug|Any CPU
		{C80B4184-A328-4828-BCAB-87113A9F6518}.Debug|ARM64.ActiveCfg = Debug|Any CPU
		{C80B4184-A328-4828-BCAB-87113A9F6518}.Debug|ARM64.Build.0 = Debug|Any CPU
		{C80B4184-A328-4828-BCAB-87113A9F6518}.Debug|x64.ActiveCfg = Debug|Any CPU
		{C80B4184-A328-4828-BCAB-87113A9F6518}.Debug|x64.Build.0 = Debug|Any CPU
		{C80B4184-A328-4828-BCAB-87113A9F6518}.Debug|x86.ActiveCfg = Debug|Any CPU
		{C80B4184-A328-4828-BCAB-87113A9F6518}.Debug|x86.Build.0 = Debug|Any CPU
		{C80B4184-A328-4828-BCAB-87113A9F6518}.Release|Any CPU.ActiveCfg = Release|Any CPU
		{C80B4184-A328-4828-BCAB-87113A9F6518}.Release|Any CPU.Build.0 = Release|Any CPU
		{C80B4184-A328-4828-BCAB-87113A9F6518}.Release|ARM.ActiveCfg = Release|Any CPU
		{C80B4184-A328-4828-BCAB-87113A9F6518}.Release|ARM.Build.0 = Release|Any CPU
		{C80B4184-A328-4828-BCAB-87113A9F6518}.Release|ARM64.ActiveCfg = Release|Any CPU
		{C80B4184-A328-4828-BCAB-87113A9F6518}.Release|ARM64.Build.0 = Release|Any CPU
		{C80B4184-A328-4828-BCAB-87113A9F6518}.Release|x64.ActiveCfg = Release|Any CPU
		{C80B4184-A328-4828-BCAB-87113A9F6518}.Release|x64.Build.0 = Release|Any CPU
		{C80B4184-A328-4828-BCAB-87113A9F6518}.Release|x86.ActiveCfg = Release|Any CPU
		{C80B4184-A328-4828-BCAB-87113A9F6518}.Release|x86.Build.0 = Release|Any CPU
		{D4EE6867-1E57-4459-8A18-0C78862ADB6B}.Debug|Any CPU.ActiveCfg = Debug|x64
		{D4EE6867-1E57-4459-8A18-0C78862ADB6B}.Debug|Any CPU.Build.0 = Debug|x64
		{D4EE6867-1E57-4459-8A18-0C78862ADB6B}.Debug|Any CPU.Deploy.0 = Debug|x64
		{D4EE6867-1E57-4459-8A18-0C78862ADB6B}.Debug|ARM.ActiveCfg = Debug|ARM
		{D4EE6867-1E57-4459-8A18-0C78862ADB6B}.Debug|ARM.Build.0 = Debug|ARM
		{D4EE6867-1E57-4459-8A18-0C78862ADB6B}.Debug|ARM.Deploy.0 = Debug|ARM
		{D4EE6867-1E57-4459-8A18-0C78862ADB6B}.Debug|ARM64.ActiveCfg = Debug|ARM64
		{D4EE6867-1E57-4459-8A18-0C78862ADB6B}.Debug|ARM64.Build.0 = Debug|ARM64
		{D4EE6867-1E57-4459-8A18-0C78862ADB6B}.Debug|ARM64.Deploy.0 = Debug|ARM64
		{D4EE6867-1E57-4459-8A18-0C78862ADB6B}.Debug|x64.ActiveCfg = Debug|x64
		{D4EE6867-1E57-4459-8A18-0C78862ADB6B}.Debug|x64.Build.0 = Debug|x64
		{D4EE6867-1E57-4459-8A18-0C78862ADB6B}.Debug|x64.Deploy.0 = Debug|x64
		{D4EE6867-1E57-4459-8A18-0C78862ADB6B}.Debug|x86.ActiveCfg = Debug|x86
		{D4EE6867-1E57-4459-8A18-0C78862ADB6B}.Debug|x86.Build.0 = Debug|x86
		{D4EE6867-1E57-4459-8A18-0C78862ADB6B}.Debug|x86.Deploy.0 = Debug|x86
		{D4EE6867-1E57-4459-8A18-0C78862ADB6B}.Release|Any CPU.ActiveCfg = Release|x64
		{D4EE6867-1E57-4459-8A18-0C78862ADB6B}.Release|Any CPU.Build.0 = Release|x64
		{D4EE6867-1E57-4459-8A18-0C78862ADB6B}.Release|Any CPU.Deploy.0 = Release|x64
		{D4EE6867-1E57-4459-8A18-0C78862ADB6B}.Release|ARM.ActiveCfg = Release|ARM
		{D4EE6867-1E57-4459-8A18-0C78862ADB6B}.Release|ARM.Build.0 = Release|ARM
		{D4EE6867-1E57-4459-8A18-0C78862ADB6B}.Release|ARM.Deploy.0 = Release|ARM
		{D4EE6867-1E57-4459-8A18-0C78862ADB6B}.Release|ARM64.ActiveCfg = Release|ARM64
		{D4EE6867-1E57-4459-8A18-0C78862ADB6B}.Release|ARM64.Build.0 = Release|ARM64
		{D4EE6867-1E57-4459-8A18-0C78862ADB6B}.Release|ARM64.Deploy.0 = Release|ARM64
		{D4EE6867-1E57-4459-8A18-0C78862ADB6B}.Release|x64.ActiveCfg = Release|x64
		{D4EE6867-1E57-4459-8A18-0C78862ADB6B}.Release|x64.Build.0 = Release|x64
		{D4EE6867-1E57-4459-8A18-0C78862ADB6B}.Release|x64.Deploy.0 = Release|x64
		{D4EE6867-1E57-4459-8A18-0C78862ADB6B}.Release|x86.ActiveCfg = Release|x86
		{D4EE6867-1E57-4459-8A18-0C78862ADB6B}.Release|x86.Build.0 = Release|x86
		{D4EE6867-1E57-4459-8A18-0C78862ADB6B}.Release|x86.Deploy.0 = Release|x86
		{56041B60-1A7D-40E1-B246-DFE879E6D6AC}.Debug|Any CPU.ActiveCfg = Debug|Any CPU
		{56041B60-1A7D-40E1-B246-DFE879E6D6AC}.Debug|Any CPU.Build.0 = Debug|Any CPU
		{56041B60-1A7D-40E1-B246-DFE879E6D6AC}.Debug|ARM.ActiveCfg = Debug|Any CPU
		{56041B60-1A7D-40E1-B246-DFE879E6D6AC}.Debug|ARM.Build.0 = Debug|Any CPU
		{56041B60-1A7D-40E1-B246-DFE879E6D6AC}.Debug|ARM64.ActiveCfg = Debug|Any CPU
		{56041B60-1A7D-40E1-B246-DFE879E6D6AC}.Debug|ARM64.Build.0 = Debug|Any CPU
		{56041B60-1A7D-40E1-B246-DFE879E6D6AC}.Debug|x64.ActiveCfg = Debug|Any CPU
		{56041B60-1A7D-40E1-B246-DFE879E6D6AC}.Debug|x64.Build.0 = Debug|Any CPU
		{56041B60-1A7D-40E1-B246-DFE879E6D6AC}.Debug|x86.ActiveCfg = Debug|Any CPU
		{56041B60-1A7D-40E1-B246-DFE879E6D6AC}.Debug|x86.Build.0 = Debug|Any CPU
		{56041B60-1A7D-40E1-B246-DFE879E6D6AC}.Release|Any CPU.ActiveCfg = Release|Any CPU
		{56041B60-1A7D-40E1-B246-DFE879E6D6AC}.Release|Any CPU.Build.0 = Release|Any CPU
		{56041B60-1A7D-40E1-B246-DFE879E6D6AC}.Release|ARM.ActiveCfg = Release|Any CPU
		{56041B60-1A7D-40E1-B246-DFE879E6D6AC}.Release|ARM.Build.0 = Release|Any CPU
		{56041B60-1A7D-40E1-B246-DFE879E6D6AC}.Release|ARM64.ActiveCfg = Release|Any CPU
		{56041B60-1A7D-40E1-B246-DFE879E6D6AC}.Release|ARM64.Build.0 = Release|Any CPU
		{56041B60-1A7D-40E1-B246-DFE879E6D6AC}.Release|x64.ActiveCfg = Release|Any CPU
		{56041B60-1A7D-40E1-B246-DFE879E6D6AC}.Release|x64.Build.0 = Release|Any CPU
		{56041B60-1A7D-40E1-B246-DFE879E6D6AC}.Release|x86.ActiveCfg = Release|Any CPU
		{56041B60-1A7D-40E1-B246-DFE879E6D6AC}.Release|x86.Build.0 = Release|Any CPU
		{2F2ACE4E-F8E1-45B6-8E4C-A52B1AF41394}.Debug|Any CPU.ActiveCfg = Debug|Any CPU
		{2F2ACE4E-F8E1-45B6-8E4C-A52B1AF41394}.Debug|Any CPU.Build.0 = Debug|Any CPU
		{2F2ACE4E-F8E1-45B6-8E4C-A52B1AF41394}.Debug|ARM.ActiveCfg = Debug|Any CPU
		{2F2ACE4E-F8E1-45B6-8E4C-A52B1AF41394}.Debug|ARM.Build.0 = Debug|Any CPU
		{2F2ACE4E-F8E1-45B6-8E4C-A52B1AF41394}.Debug|ARM64.ActiveCfg = Debug|Any CPU
		{2F2ACE4E-F8E1-45B6-8E4C-A52B1AF41394}.Debug|ARM64.Build.0 = Debug|Any CPU
		{2F2ACE4E-F8E1-45B6-8E4C-A52B1AF41394}.Debug|x64.ActiveCfg = Debug|Any CPU
		{2F2ACE4E-F8E1-45B6-8E4C-A52B1AF41394}.Debug|x64.Build.0 = Debug|Any CPU
		{2F2ACE4E-F8E1-45B6-8E4C-A52B1AF41394}.Debug|x86.ActiveCfg = Debug|Any CPU
		{2F2ACE4E-F8E1-45B6-8E4C-A52B1AF41394}.Debug|x86.Build.0 = Debug|Any CPU
		{2F2ACE4E-F8E1-45B6-8E4C-A52B1AF41394}.Release|Any CPU.ActiveCfg = Release|Any CPU
		{2F2ACE4E-F8E1-45B6-8E4C-A52B1AF41394}.Release|Any CPU.Build.0 = Release|Any CPU
		{2F2ACE4E-F8E1-45B6-8E4C-A52B1AF41394}.Release|ARM.ActiveCfg = Release|Any CPU
		{2F2ACE4E-F8E1-45B6-8E4C-A52B1AF41394}.Release|ARM.Build.0 = Release|Any CPU
		{2F2ACE4E-F8E1-45B6-8E4C-A52B1AF41394}.Release|ARM64.ActiveCfg = Release|Any CPU
		{2F2ACE4E-F8E1-45B6-8E4C-A52B1AF41394}.Release|ARM64.Build.0 = Release|Any CPU
		{2F2ACE4E-F8E1-45B6-8E4C-A52B1AF41394}.Release|x64.ActiveCfg = Release|Any CPU
		{2F2ACE4E-F8E1-45B6-8E4C-A52B1AF41394}.Release|x64.Build.0 = Release|Any CPU
		{2F2ACE4E-F8E1-45B6-8E4C-A52B1AF41394}.Release|x86.ActiveCfg = Release|Any CPU
		{2F2ACE4E-F8E1-45B6-8E4C-A52B1AF41394}.Release|x86.Build.0 = Release|Any CPU
		{88814AD0-E6D3-493F-9AE1-E1D4F6F74553}.Debug|Any CPU.ActiveCfg = Debug|Any CPU
		{88814AD0-E6D3-493F-9AE1-E1D4F6F74553}.Debug|Any CPU.Build.0 = Debug|Any CPU
		{88814AD0-E6D3-493F-9AE1-E1D4F6F74553}.Debug|ARM.ActiveCfg = Debug|Any CPU
		{88814AD0-E6D3-493F-9AE1-E1D4F6F74553}.Debug|ARM.Build.0 = Debug|Any CPU
		{88814AD0-E6D3-493F-9AE1-E1D4F6F74553}.Debug|ARM64.ActiveCfg = Debug|Any CPU
		{88814AD0-E6D3-493F-9AE1-E1D4F6F74553}.Debug|ARM64.Build.0 = Debug|Any CPU
		{88814AD0-E6D3-493F-9AE1-E1D4F6F74553}.Debug|x64.ActiveCfg = Debug|Any CPU
		{88814AD0-E6D3-493F-9AE1-E1D4F6F74553}.Debug|x64.Build.0 = Debug|Any CPU
		{88814AD0-E6D3-493F-9AE1-E1D4F6F74553}.Debug|x86.ActiveCfg = Debug|Any CPU
		{88814AD0-E6D3-493F-9AE1-E1D4F6F74553}.Debug|x86.Build.0 = Debug|Any CPU
		{88814AD0-E6D3-493F-9AE1-E1D4F6F74553}.Release|Any CPU.ActiveCfg = Release|Any CPU
		{88814AD0-E6D3-493F-9AE1-E1D4F6F74553}.Release|Any CPU.Build.0 = Release|Any CPU
		{88814AD0-E6D3-493F-9AE1-E1D4F6F74553}.Release|ARM.ActiveCfg = Release|Any CPU
		{88814AD0-E6D3-493F-9AE1-E1D4F6F74553}.Release|ARM.Build.0 = Release|Any CPU
		{88814AD0-E6D3-493F-9AE1-E1D4F6F74553}.Release|ARM64.ActiveCfg = Release|Any CPU
		{88814AD0-E6D3-493F-9AE1-E1D4F6F74553}.Release|ARM64.Build.0 = Release|Any CPU
		{88814AD0-E6D3-493F-9AE1-E1D4F6F74553}.Release|x64.ActiveCfg = Release|Any CPU
		{88814AD0-E6D3-493F-9AE1-E1D4F6F74553}.Release|x64.Build.0 = Release|Any CPU
		{88814AD0-E6D3-493F-9AE1-E1D4F6F74553}.Release|x86.ActiveCfg = Release|Any CPU
		{88814AD0-E6D3-493F-9AE1-E1D4F6F74553}.Release|x86.Build.0 = Release|Any CPU
		{8B673CB3-4EBD-40F0-8F92-88AE6BD1659B}.Debug|Any CPU.ActiveCfg = Debug|Any CPU
		{8B673CB3-4EBD-40F0-8F92-88AE6BD1659B}.Debug|Any CPU.Build.0 = Debug|Any CPU
		{8B673CB3-4EBD-40F0-8F92-88AE6BD1659B}.Debug|ARM.ActiveCfg = Debug|Any CPU
		{8B673CB3-4EBD-40F0-8F92-88AE6BD1659B}.Debug|ARM.Build.0 = Debug|Any CPU
		{8B673CB3-4EBD-40F0-8F92-88AE6BD1659B}.Debug|ARM64.ActiveCfg = Debug|Any CPU
		{8B673CB3-4EBD-40F0-8F92-88AE6BD1659B}.Debug|ARM64.Build.0 = Debug|Any CPU
		{8B673CB3-4EBD-40F0-8F92-88AE6BD1659B}.Debug|x64.ActiveCfg = Debug|Any CPU
		{8B673CB3-4EBD-40F0-8F92-88AE6BD1659B}.Debug|x64.Build.0 = Debug|Any CPU
		{8B673CB3-4EBD-40F0-8F92-88AE6BD1659B}.Debug|x86.ActiveCfg = Debug|Any CPU
		{8B673CB3-4EBD-40F0-8F92-88AE6BD1659B}.Debug|x86.Build.0 = Debug|Any CPU
		{8B673CB3-4EBD-40F0-8F92-88AE6BD1659B}.Release|Any CPU.ActiveCfg = Release|Any CPU
		{8B673CB3-4EBD-40F0-8F92-88AE6BD1659B}.Release|Any CPU.Build.0 = Release|Any CPU
		{8B673CB3-4EBD-40F0-8F92-88AE6BD1659B}.Release|ARM.ActiveCfg = Release|Any CPU
		{8B673CB3-4EBD-40F0-8F92-88AE6BD1659B}.Release|ARM.Build.0 = Release|Any CPU
		{8B673CB3-4EBD-40F0-8F92-88AE6BD1659B}.Release|ARM64.ActiveCfg = Release|Any CPU
		{8B673CB3-4EBD-40F0-8F92-88AE6BD1659B}.Release|ARM64.Build.0 = Release|Any CPU
		{8B673CB3-4EBD-40F0-8F92-88AE6BD1659B}.Release|x64.ActiveCfg = Release|Any CPU
		{8B673CB3-4EBD-40F0-8F92-88AE6BD1659B}.Release|x64.Build.0 = Release|Any CPU
		{8B673CB3-4EBD-40F0-8F92-88AE6BD1659B}.Release|x86.ActiveCfg = Release|Any CPU
		{8B673CB3-4EBD-40F0-8F92-88AE6BD1659B}.Release|x86.Build.0 = Release|Any CPU
		{08E3D64A-2B01-4053-8447-AF3C34A33316}.Debug|Any CPU.ActiveCfg = Debug|Any CPU
		{08E3D64A-2B01-4053-8447-AF3C34A33316}.Debug|Any CPU.Build.0 = Debug|Any CPU
		{08E3D64A-2B01-4053-8447-AF3C34A33316}.Debug|Any CPU.Deploy.0 = Debug|Any CPU
		{08E3D64A-2B01-4053-8447-AF3C34A33316}.Debug|ARM.ActiveCfg = Debug|Any CPU
		{08E3D64A-2B01-4053-8447-AF3C34A33316}.Debug|ARM.Build.0 = Debug|Any CPU
		{08E3D64A-2B01-4053-8447-AF3C34A33316}.Debug|ARM.Deploy.0 = Debug|Any CPU
		{08E3D64A-2B01-4053-8447-AF3C34A33316}.Debug|ARM64.ActiveCfg = Debug|Any CPU
		{08E3D64A-2B01-4053-8447-AF3C34A33316}.Debug|ARM64.Build.0 = Debug|Any CPU
		{08E3D64A-2B01-4053-8447-AF3C34A33316}.Debug|ARM64.Deploy.0 = Debug|Any CPU
		{08E3D64A-2B01-4053-8447-AF3C34A33316}.Debug|x64.ActiveCfg = Debug|Any CPU
		{08E3D64A-2B01-4053-8447-AF3C34A33316}.Debug|x64.Build.0 = Debug|Any CPU
		{08E3D64A-2B01-4053-8447-AF3C34A33316}.Debug|x64.Deploy.0 = Debug|Any CPU
		{08E3D64A-2B01-4053-8447-AF3C34A33316}.Debug|x86.ActiveCfg = Debug|Any CPU
		{08E3D64A-2B01-4053-8447-AF3C34A33316}.Debug|x86.Build.0 = Debug|Any CPU
		{08E3D64A-2B01-4053-8447-AF3C34A33316}.Debug|x86.Deploy.0 = Debug|Any CPU
		{08E3D64A-2B01-4053-8447-AF3C34A33316}.Release|Any CPU.ActiveCfg = Release|Any CPU
		{08E3D64A-2B01-4053-8447-AF3C34A33316}.Release|Any CPU.Build.0 = Release|Any CPU
		{08E3D64A-2B01-4053-8447-AF3C34A33316}.Release|Any CPU.Deploy.0 = Release|Any CPU
		{08E3D64A-2B01-4053-8447-AF3C34A33316}.Release|ARM.ActiveCfg = Release|Any CPU
		{08E3D64A-2B01-4053-8447-AF3C34A33316}.Release|ARM.Build.0 = Release|Any CPU
		{08E3D64A-2B01-4053-8447-AF3C34A33316}.Release|ARM.Deploy.0 = Release|Any CPU
		{08E3D64A-2B01-4053-8447-AF3C34A33316}.Release|ARM64.ActiveCfg = Release|Any CPU
		{08E3D64A-2B01-4053-8447-AF3C34A33316}.Release|ARM64.Build.0 = Release|Any CPU
		{08E3D64A-2B01-4053-8447-AF3C34A33316}.Release|ARM64.Deploy.0 = Release|Any CPU
		{08E3D64A-2B01-4053-8447-AF3C34A33316}.Release|x64.ActiveCfg = Release|Any CPU
		{08E3D64A-2B01-4053-8447-AF3C34A33316}.Release|x64.Build.0 = Release|Any CPU
		{08E3D64A-2B01-4053-8447-AF3C34A33316}.Release|x64.Deploy.0 = Release|Any CPU
		{08E3D64A-2B01-4053-8447-AF3C34A33316}.Release|x86.ActiveCfg = Release|Any CPU
		{08E3D64A-2B01-4053-8447-AF3C34A33316}.Release|x86.Build.0 = Release|Any CPU
		{08E3D64A-2B01-4053-8447-AF3C34A33316}.Release|x86.Deploy.0 = Release|Any CPU
		{030083AE-FD52-4137-9C21-3C4B6E2E126F}.Debug|Any CPU.ActiveCfg = Debug|Any CPU
		{030083AE-FD52-4137-9C21-3C4B6E2E126F}.Debug|Any CPU.Build.0 = Debug|Any CPU
		{030083AE-FD52-4137-9C21-3C4B6E2E126F}.Debug|ARM.ActiveCfg = Debug|Any CPU
		{030083AE-FD52-4137-9C21-3C4B6E2E126F}.Debug|ARM.Build.0 = Debug|Any CPU
		{030083AE-FD52-4137-9C21-3C4B6E2E126F}.Debug|ARM64.ActiveCfg = Debug|Any CPU
		{030083AE-FD52-4137-9C21-3C4B6E2E126F}.Debug|ARM64.Build.0 = Debug|Any CPU
		{030083AE-FD52-4137-9C21-3C4B6E2E126F}.Debug|x64.ActiveCfg = Debug|Any CPU
		{030083AE-FD52-4137-9C21-3C4B6E2E126F}.Debug|x64.Build.0 = Debug|Any CPU
		{030083AE-FD52-4137-9C21-3C4B6E2E126F}.Debug|x86.ActiveCfg = Debug|Any CPU
		{030083AE-FD52-4137-9C21-3C4B6E2E126F}.Debug|x86.Build.0 = Debug|Any CPU
		{030083AE-FD52-4137-9C21-3C4B6E2E126F}.Release|Any CPU.ActiveCfg = Release|Any CPU
		{030083AE-FD52-4137-9C21-3C4B6E2E126F}.Release|Any CPU.Build.0 = Release|Any CPU
		{030083AE-FD52-4137-9C21-3C4B6E2E126F}.Release|ARM.ActiveCfg = Release|Any CPU
		{030083AE-FD52-4137-9C21-3C4B6E2E126F}.Release|ARM.Build.0 = Release|Any CPU
		{030083AE-FD52-4137-9C21-3C4B6E2E126F}.Release|ARM64.ActiveCfg = Release|Any CPU
		{030083AE-FD52-4137-9C21-3C4B6E2E126F}.Release|ARM64.Build.0 = Release|Any CPU
		{030083AE-FD52-4137-9C21-3C4B6E2E126F}.Release|x64.ActiveCfg = Release|Any CPU
		{030083AE-FD52-4137-9C21-3C4B6E2E126F}.Release|x64.Build.0 = Release|Any CPU
		{030083AE-FD52-4137-9C21-3C4B6E2E126F}.Release|x86.ActiveCfg = Release|Any CPU
		{030083AE-FD52-4137-9C21-3C4B6E2E126F}.Release|x86.Build.0 = Release|Any CPU
		{E38E398C-2745-461C-ADF6-7BCE469506DF}.Debug|Any CPU.ActiveCfg = Debug|Any CPU
		{E38E398C-2745-461C-ADF6-7BCE469506DF}.Debug|Any CPU.Build.0 = Debug|Any CPU
		{E38E398C-2745-461C-ADF6-7BCE469506DF}.Debug|ARM.ActiveCfg = Debug|Any CPU
		{E38E398C-2745-461C-ADF6-7BCE469506DF}.Debug|ARM.Build.0 = Debug|Any CPU
		{E38E398C-2745-461C-ADF6-7BCE469506DF}.Debug|ARM64.ActiveCfg = Debug|Any CPU
		{E38E398C-2745-461C-ADF6-7BCE469506DF}.Debug|ARM64.Build.0 = Debug|Any CPU
		{E38E398C-2745-461C-ADF6-7BCE469506DF}.Debug|x64.ActiveCfg = Debug|x64
		{E38E398C-2745-461C-ADF6-7BCE469506DF}.Debug|x64.Build.0 = Debug|x64
		{E38E398C-2745-461C-ADF6-7BCE469506DF}.Debug|x86.ActiveCfg = Debug|Any CPU
		{E38E398C-2745-461C-ADF6-7BCE469506DF}.Debug|x86.Build.0 = Debug|Any CPU
		{E38E398C-2745-461C-ADF6-7BCE469506DF}.Release|Any CPU.ActiveCfg = Release|Any CPU
		{E38E398C-2745-461C-ADF6-7BCE469506DF}.Release|Any CPU.Build.0 = Release|Any CPU
		{E38E398C-2745-461C-ADF6-7BCE469506DF}.Release|ARM.ActiveCfg = Release|Any CPU
		{E38E398C-2745-461C-ADF6-7BCE469506DF}.Release|ARM.Build.0 = Release|Any CPU
		{E38E398C-2745-461C-ADF6-7BCE469506DF}.Release|ARM64.ActiveCfg = Release|Any CPU
		{E38E398C-2745-461C-ADF6-7BCE469506DF}.Release|ARM64.Build.0 = Release|Any CPU
		{E38E398C-2745-461C-ADF6-7BCE469506DF}.Release|x64.ActiveCfg = Release|x64
		{E38E398C-2745-461C-ADF6-7BCE469506DF}.Release|x64.Build.0 = Release|x64
		{E38E398C-2745-461C-ADF6-7BCE469506DF}.Release|x86.ActiveCfg = Release|Any CPU
		{E38E398C-2745-461C-ADF6-7BCE469506DF}.Release|x86.Build.0 = Release|Any CPU
		{F4E8305E-A316-46DF-A69F-835A6DBFBCBF}.Debug|Any CPU.ActiveCfg = Debug|Any CPU
		{F4E8305E-A316-46DF-A69F-835A6DBFBCBF}.Debug|Any CPU.Build.0 = Debug|Any CPU
		{F4E8305E-A316-46DF-A69F-835A6DBFBCBF}.Debug|ARM.ActiveCfg = Debug|Any CPU
		{F4E8305E-A316-46DF-A69F-835A6DBFBCBF}.Debug|ARM.Build.0 = Debug|Any CPU
		{F4E8305E-A316-46DF-A69F-835A6DBFBCBF}.Debug|ARM64.ActiveCfg = Debug|Any CPU
		{F4E8305E-A316-46DF-A69F-835A6DBFBCBF}.Debug|ARM64.Build.0 = Debug|Any CPU
		{F4E8305E-A316-46DF-A69F-835A6DBFBCBF}.Debug|x64.ActiveCfg = Debug|Any CPU
		{F4E8305E-A316-46DF-A69F-835A6DBFBCBF}.Debug|x64.Build.0 = Debug|Any CPU
		{F4E8305E-A316-46DF-A69F-835A6DBFBCBF}.Debug|x86.ActiveCfg = Debug|Any CPU
		{F4E8305E-A316-46DF-A69F-835A6DBFBCBF}.Debug|x86.Build.0 = Debug|Any CPU
		{F4E8305E-A316-46DF-A69F-835A6DBFBCBF}.Release|Any CPU.ActiveCfg = Release|Any CPU
		{F4E8305E-A316-46DF-A69F-835A6DBFBCBF}.Release|Any CPU.Build.0 = Release|Any CPU
		{F4E8305E-A316-46DF-A69F-835A6DBFBCBF}.Release|ARM.ActiveCfg = Release|Any CPU
		{F4E8305E-A316-46DF-A69F-835A6DBFBCBF}.Release|ARM.Build.0 = Release|Any CPU
		{F4E8305E-A316-46DF-A69F-835A6DBFBCBF}.Release|ARM64.ActiveCfg = Release|Any CPU
		{F4E8305E-A316-46DF-A69F-835A6DBFBCBF}.Release|ARM64.Build.0 = Release|Any CPU
		{F4E8305E-A316-46DF-A69F-835A6DBFBCBF}.Release|x64.ActiveCfg = Release|Any CPU
		{F4E8305E-A316-46DF-A69F-835A6DBFBCBF}.Release|x64.Build.0 = Release|Any CPU
		{F4E8305E-A316-46DF-A69F-835A6DBFBCBF}.Release|x86.ActiveCfg = Release|Any CPU
		{F4E8305E-A316-46DF-A69F-835A6DBFBCBF}.Release|x86.Build.0 = Release|Any CPU
	EndGlobalSection
	GlobalSection(SolutionProperties) = preSolution
		HideSolutionNode = FALSE
	EndGlobalSection
	GlobalSection(NestedProjects) = preSolution
		{C80B4184-A328-4828-BCAB-87113A9F6518} = {EC48ED62-EAEE-4EB4-A792-0AE929BE5C2A}
		{D4EE6867-1E57-4459-8A18-0C78862ADB6B} = {36BA47DD-4C31-4FB0-8E8D-2E221810F943}
		{56041B60-1A7D-40E1-B246-DFE879E6D6AC} = {DA61B581-E41E-4808-B2D0-DB326E92BEC2}
		{2F2ACE4E-F8E1-45B6-8E4C-A52B1AF41394} = {DA61B581-E41E-4808-B2D0-DB326E92BEC2}
		{88814AD0-E6D3-493F-9AE1-E1D4F6F74553} = {4EDA4473-DEB1-4CD9-A1A9-E3DA4C94B27C}
		{8B673CB3-4EBD-40F0-8F92-88AE6BD1659B} = {9CAB5E5E-8CDB-4BA3-8D1A-F2E0DBD56153}
		{08E3D64A-2B01-4053-8447-AF3C34A33316} = {F7A86F87-CD73-42B3-886B-AAC501748D66}
		{030083AE-FD52-4137-9C21-3C4B6E2E126F} = {EC48ED62-EAEE-4EB4-A792-0AE929BE5C2A}
		{ADC3C8E5-EBCD-4D3C-B3A4-20CFE0E42FC1} = {3CA95EF6-3587-4F6C-81D3-29926F7F56B5}
		{E38E398C-2745-461C-ADF6-7BCE469506DF} = {3CA95EF6-3587-4F6C-81D3-29926F7F56B5}
		{F4E8305E-A316-46DF-A69F-835A6DBFBCBF} = {3CA95EF6-3587-4F6C-81D3-29926F7F56B5}
	EndGlobalSection
	GlobalSection(ExtensibilityGlobals) = postSolution
		SolutionGuid = {DFFDA03C-7913-479C-8C5E-A037E5AD47CD}
	EndGlobalSection
	GlobalSection(SharedMSBuildProjectFiles) = preSolution
		References\EmguCV\Emgu.CV.Runtime\Windows\Emgu.CV.Runtime.Windows.projitems*{030083ae-fd52-4137-9c21-3c4b6e2e126f}*SharedItemsImports = 5
		References\EmguCV\Emgu.CV.Runtime\Windows\Emgu.CV.Runtime.Windows.projitems*{adc3c8e5-ebcd-4d3c-b3a4-20cfe0e42fc1}*SharedItemsImports = 13
		References\EmguCV\Emgu.CV.Contrib\Emgu.CV.Contrib.projitems*{e38e398c-2745-461c-adf6-7bce469506df}*SharedItemsImports = 5
		References\EmguCV\Emgu.CV.Cuda\Emgu.CV.Cuda.projitems*{e38e398c-2745-461c-adf6-7bce469506df}*SharedItemsImports = 5
		References\EmguCV\Emgu.CV.OCR\Emgu.CV.OCR.projitems*{e38e398c-2745-461c-adf6-7bce469506df}*SharedItemsImports = 5
		References\EmguCV\Emgu.CV\Emgu.CV.projitems*{e38e398c-2745-461c-adf6-7bce469506df}*SharedItemsImports = 5
		References\EmguCV\Emgu.Util\Emgu.Util.projitems*{e38e398c-2745-461c-adf6-7bce469506df}*SharedItemsImports = 5
	EndGlobalSection
EndGlobal
